<?xml version="1.0" encoding="utf-8"?>
<Project ToolsVersion="4.0" xmlns="http://schemas.microsoft.com/developer/msbuild/2003">
  <ItemGroup>
    <Filter Include="win32">
      <UniqueIdentifier>{84a8ebd7-7cf0-47f6-b75e-d441df67da40}</UniqueIdentifier>
    </Filter>
    <Filter Include="Classes">
      <UniqueIdentifier>{bb6c862e-70e9-49d9-81b7-3829a6f50471}</UniqueIdentifier>
    </Filter>
    <Filter Include="Classes\UIButtonTest">
      <UniqueIdentifier>{851543ab-0114-4141-9861-b9e96a73c833}</UniqueIdentifier>
    </Filter>
    <Filter Include="Classes\UICheckBoxTest">
      <UniqueIdentifier>{b7de775e-093d-4f86-931c-1da6c6c838bd}</UniqueIdentifier>
    </Filter>
    <Filter Include="Classes\UIDragPanelTest">
      <UniqueIdentifier>{36b40b73-b2d3-4fc6-9618-dd3c0e1f4df2}</UniqueIdentifier>
    </Filter>
    <Filter Include="Classes\UIImageViewTest">
      <UniqueIdentifier>{6e9ed1f4-e1a0-4caa-bdb5-5e49a050a10f}</UniqueIdentifier>
    </Filter>
    <Filter Include="Classes\UILabelAtlasTest">
      <UniqueIdentifier>{c177398b-f50c-4c04-9f78-71f5953a9896}</UniqueIdentifier>
    </Filter>
    <Filter Include="Classes\UILabelBMFontTest">
      <UniqueIdentifier>{271cc8a1-28ff-4a95-bf0d-4e6dc2fecc40}</UniqueIdentifier>
    </Filter>
    <Filter Include="Classes\UILabelTest">
      <UniqueIdentifier>{84b41897-e78b-4d88-8aa7-413d1aa117fa}</UniqueIdentifier>
    </Filter>
    <Filter Include="Classes\UIListViewTest">
      <UniqueIdentifier>{fce316f1-e510-4f2f-b92e-1fe8cd5afa29}</UniqueIdentifier>
    </Filter>
    <Filter Include="Classes\UILoadingBarTest">
      <UniqueIdentifier>{9fd42220-0276-4308-9329-25b2fa85e730}</UniqueIdentifier>
    </Filter>
    <Filter Include="Classes\UINodeContainerTest">
      <UniqueIdentifier>{ae76e708-ec09-45c5-980b-eddb9d821b38}</UniqueIdentifier>
    </Filter>
    <Filter Include="Classes\UIPageViewTest">
      <UniqueIdentifier>{f56261db-5896-4d21-9bc2-ea69f64472ee}</UniqueIdentifier>
    </Filter>
    <Filter Include="Classes\UIPanelTest">
      <UniqueIdentifier>{ff620543-02d2-495b-a570-cd00d0ee9408}</UniqueIdentifier>
    </Filter>
    <Filter Include="Classes\UIScrollViewTest">
      <UniqueIdentifier>{efd7b95a-228a-4526-918f-5fe2ca25f8d1}</UniqueIdentifier>
    </Filter>
    <Filter Include="Classes\UISliderTest">
      <UniqueIdentifier>{d4abeb66-d2ae-4777-8489-052537e474ae}</UniqueIdentifier>
    </Filter>
    <Filter Include="Classes\UITextAreaTest">
      <UniqueIdentifier>{ad7533a6-b2eb-4381-b96d-d91532fd5503}</UniqueIdentifier>
    </Filter>
    <Filter Include="Classes\UITextButtonTest">
      <UniqueIdentifier>{6697ee2d-c443-482a-8db5-4ea3a4255541}</UniqueIdentifier>
    </Filter>
    <Filter Include="Classes\UITextFieldTest">
      <UniqueIdentifier>{d17f340c-7473-4f48-ae7e-20dfc8764559}</UniqueIdentifier>
    </Filter>
  </ItemGroup>
  <ItemGroup>
    <ClCompile Include="main.cpp">
      <Filter>win32</Filter>
    </ClCompile>
    <ClCompile Include="..\Classes\AppDelegate.cpp">
      <Filter>Classes</Filter>
    </ClCompile>
    <ClCompile Include="..\Classes\HelloWorldScene.cpp">
      <Filter>Classes</Filter>
    </ClCompile>
    <ClCompile Include="..\Classes\UIScene.cpp">
      <Filter>Classes</Filter>
    </ClCompile>
    <ClCompile Include="..\Classes\UISceneManager.cpp">
      <Filter>Classes</Filter>
    </ClCompile>
    <ClCompile Include="..\Classes\UIButtonTest\UIButtonTest.cpp">
      <Filter>Classes\UIButtonTest</Filter>
    </ClCompile>
    <ClCompile Include="..\Classes\UICheckBoxTest\UICheckBoxTest.cpp">
      <Filter>Classes\UICheckBoxTest</Filter>
    </ClCompile>
    <ClCompile Include="..\Classes\UIDragPanelTest\UIDragPanelTest.cpp">
      <Filter>Classes\UIDragPanelTest</Filter>
    </ClCompile>
    <ClCompile Include="..\Classes\UIImageViewTest\UIImageViewTest.cpp">
      <Filter>Classes\UIImageViewTest</Filter>
    </ClCompile>
    <ClCompile Include="..\Classes\UILabelAtlasTest\UILabelAtlasTest.cpp">
      <Filter>Classes\UILabelAtlasTest</Filter>
    </ClCompile>
    <ClCompile Include="..\Classes\UILabelBMFontTest\UILabelBMFontTest.cpp">
      <Filter>Classes\UILabelBMFontTest</Filter>
    </ClCompile>
    <ClCompile Include="..\Classes\UILabelTest\UILabelTest.cpp">
      <Filter>Classes\UILabelTest</Filter>
    </ClCompile>
    <ClCompile Include="..\Classes\UIListViewTest\UIListViewTest.cpp">
      <Filter>Classes\UIListViewTest</Filter>
    </ClCompile>
    <ClCompile Include="..\Classes\UILoadingBarTest\UILoadingBarTest.cpp">
      <Filter>Classes\UILoadingBarTest</Filter>
    </ClCompile>
    <ClCompile Include="..\Classes\UINodeContainerTest\UINodeContainerTest.cpp">
      <Filter>Classes\UINodeContainerTest</Filter>
    </ClCompile>
    <ClCompile Include="..\Classes\UIPageViewTest\UIPageViewTest.cpp">
      <Filter>Classes\UIPageViewTest</Filter>
    </ClCompile>
    <ClCompile Include="..\Classes\UIPanelTest\UIPanelTest.cpp">
      <Filter>Classes\UIPanelTest</Filter>
    </ClCompile>
    <ClCompile Include="..\Classes\UIScrollViewTest\UIScrollViewTest.cpp">
      <Filter>Classes\UIScrollViewTest</Filter>
    </ClCompile>
    <ClCompile Include="..\Classes\UISliderTest\UISliderTest.cpp">
      <Filter>Classes\UISliderTest</Filter>
    </ClCompile>
    <ClCompile Include="..\Classes\UITextAreaTest\UITextAreaTest.cpp">
      <Filter>Classes\UITextAreaTest</Filter>
    </ClCompile>
    <ClCompile Include="..\Classes\UITextButtonTest\UITextButtonTest.cpp">
      <Filter>Classes\UITextButtonTest</Filter>
    </ClCompile>
    <ClCompile Include="..\Classes\UITextFieldTest\UITextFieldTest.cpp">
      <Filter>Classes\UITextFieldTest</Filter>
    </ClCompile>
  </ItemGroup>
  <ItemGroup>
    <ClInclude Include="main.h">
      <Filter>win32</Filter>
    </ClInclude>
    <ClInclude Include="..\Classes\AppDelegate.h">
      <Filter>Classes</Filter>
    </ClInclude>
    <ClInclude Include="..\Classes\HelloWorldScene.h">
      <Filter>Classes</Filter>
    </ClInclude>
    <ClInclude Include="..\Classes\UIScene.h">
      <Filter>Classes</Filter>
    </ClInclude>
    <ClInclude Include="..\Classes\UISceneManager.h">
      <Filter>Classes</Filter>
    </ClInclude>
    <ClInclude Include="..\Classes\UIButtonTest\UIButtonTest.h">
      <Filter>Classes\UIButtonTest</Filter>
    </ClInclude>
    <ClInclude Include="..\Classes\UICheckBoxTest\UICheckBoxTest.h">
      <Filter>Classes\UICheckBoxTest</Filter>
    </ClInclude>
    <ClInclude Include="..\Classes\UIDragPanelTest\UIDragPanelTest.h">
      <Filter>Classes\UIDragPanelTest</Filter>
    </ClInclude>
    <ClInclude Include="..\Classes\UIImageViewTest\UIImageViewTest.h">
      <Filter>Classes\UIImageViewTest</Filter>
    </ClInclude>
    <ClInclude Include="..\Classes\UILabelAtlasTest\UILabelAtlasTest.h">
      <Filter>Classes\UILabelAtlasTest</Filter>
    </ClInclude>
    <ClInclude Include="..\Classes\UILabelBMFontTest\UILabelBMFontTest.h">
      <Filter>Classes\UILabelBMFontTest</Filter>
    </ClInclude>
    <ClInclude Include="..\Classes\UILabelTest\UILabelTest.h">
      <Filter>Classes\UILabelTest</Filter>
    </ClInclude>
    <ClInclude Include="..\Classes\UIListViewTest\UIListViewTest.h">
      <Filter>Classes\UIListViewTest</Filter>
    </ClInclude>
    <ClInclude Include="..\Classes\UILoadingBarTest\UILoadingBarTest.h">
      <Filter>Classes\UILoadingBarTest</Filter>
    </ClInclude>
    <ClInclude Include="..\Classes\UINodeContainerTest\UINodeContainerTest.h">
      <Filter>Classes\UINodeContainerTest</Filter>
    </ClInclude>
    <ClInclude Include="..\Classes\UIPageViewTest\UIPageViewTest.h">
      <Filter>Classes\UIPageViewTest</Filter>
    </ClInclude>
    <ClInclude Include="..\Classes\UIPanelTest\UIPanelTest.h">
      <Filter>Classes\UIPanelTest</Filter>
    </ClInclude>
    <ClInclude Include="..\Classes\UIScrollViewTest\UIScrollViewTest.h">
      <Filter>Classes\UIScrollViewTest</Filter>
    </ClInclude>
    <ClInclude Include="..\Classes\UISliderTest\UISliderTest.h">
      <Filter>Classes\UISliderTest</Filter>
    </ClInclude>
    <ClInclude Include="..\Classes\UITextAreaTest\UITextAreaTest.h">
      <Filter>Classes\UITextAreaTest</Filter>
    </ClInclude>
    <ClInclude Include="..\Classes\UITextButtonTest\UITextButtonTest.h">
      <Filter>Classes\UITextButtonTest</Filter>
    </ClInclude>
    <ClInclude Include="..\Classes\UITextFieldTest\UITextFieldTest.h">
      <Filter>Classes\UITextFieldTest</Filter>
    </ClInclude>
  </ItemGroup>
</Project>