<?xml version="1.0" encoding="utf-8"?>
<Project ToolsVersion="4.0" xmlns="http://schemas.microsoft.com/developer/msbuild/2003">
  <ItemGroup>
    <Filter Include="win32">
      <UniqueIdentifier>{84a8ebd7-7cf0-47f6-b75e-d441df67da40}</UniqueIdentifier>
    </Filter>
    <Filter Include="Classes">
      <UniqueIdentifier>{bb6c862e-70e9-49d9-81b7-3829a6f50471}</UniqueIdentifier>
    </Filter>
    <Filter Include="resource">
      <UniqueIdentifier>{715254bc-d70b-4ec5-bf29-467dd3ace079}</UniqueIdentifier>
    </Filter>
    <Filter Include="Classes\UIButtonTest">
      <UniqueIdentifier>{5bc6491b-5175-41de-99bc-ad196703c205}</UniqueIdentifier>
    </Filter>
    <Filter Include="Classes\UICheckBoxTest">
      <UniqueIdentifier>{5464cc84-39bd-4d91-bead-6f07133c1f11}</UniqueIdentifier>
    </Filter>
    <Filter Include="Classes\UIImageViewTest">
      <UniqueIdentifier>{08434b4a-cdbe-4dcc-a957-9e6de8e1dfa6}</UniqueIdentifier>
    </Filter>
    <Filter Include="Classes\UILabelAtlasTest">
      <UniqueIdentifier>{881a7751-7dc7-4704-8094-eb1b2bad47e3}</UniqueIdentifier>
    </Filter>
    <Filter Include="Classes\UILabelBMFontTest">
      <UniqueIdentifier>{b6f69615-d81d-4bf8-a7f1-2e39ca846cad}</UniqueIdentifier>
    </Filter>
    <Filter Include="Classes\UILabelTest">
      <UniqueIdentifier>{8ad7174c-b260-4d34-9527-eec8be2f7ebd}</UniqueIdentifier>
    </Filter>
    <Filter Include="Classes\UILayoutTest">
      <UniqueIdentifier>{d6f660aa-b50c-42c7-affc-a3297c8dbf27}</UniqueIdentifier>
    </Filter>
    <Filter Include="Classes\UIListViewTest">
      <UniqueIdentifier>{6e432815-363c-433d-9881-5f9c02b3af03}</UniqueIdentifier>
    </Filter>
    <Filter Include="Classes\UILoadingBarTest">
      <UniqueIdentifier>{dbbede1f-4241-4bd5-8473-356a30f81c3d}</UniqueIdentifier>
    </Filter>
    <Filter Include="Classes\UIPageViewTest">
      <UniqueIdentifier>{849addf3-d553-4c6f-b01f-97df2c732f91}</UniqueIdentifier>
    </Filter>
    <Filter Include="Classes\UIScrollViewTest">
      <UniqueIdentifier>{d1f231ae-ebac-4da0-9377-ed07cb7af437}</UniqueIdentifier>
    </Filter>
    <Filter Include="Classes\UISliderTest">
      <UniqueIdentifier>{ea44dc94-e0be-4b7e-949f-011522133e6c}</UniqueIdentifier>
    </Filter>
    <Filter Include="Classes\UITextFieldTest">
      <UniqueIdentifier>{70962cf3-2704-458f-8c95-31a408527a6c}</UniqueIdentifier>
    </Filter>
    <Filter Include="Classes\UIWidgetAddNodeTest">
      <UniqueIdentifier>{e787aadc-2c92-46db-82f9-35161a860f86}</UniqueIdentifier>
    </Filter>
  </ItemGroup>
  <ItemGroup>
    <ClCompile Include="main.cpp">
      <Filter>win32</Filter>
    </ClCompile>
    <ClCompile Include="..\Classes\AppDelegate.cpp">
      <Filter>Classes</Filter>
    </ClCompile>
    <ClCompile Include="..\Classes\HelloWorldScene.cpp">
      <Filter>Classes</Filter>
    </ClCompile>
    <ClCompile Include="..\Classes\CocosGUIScene.cpp">
      <Filter>Classes</Filter>
    </ClCompile>
    <ClCompile Include="..\Classes\UIScene.cpp">
      <Filter>Classes</Filter>
    </ClCompile>
    <ClCompile Include="..\Classes\UISceneManager.cpp">
      <Filter>Classes</Filter>
    </ClCompile>
    <ClCompile Include="..\Classes\VisibleRect.cpp">
      <Filter>Classes</Filter>
    </ClCompile>
    <ClCompile Include="..\Classes\UIButtonTest\UIButtonTest.cpp">
      <Filter>Classes\UIButtonTest</Filter>
    </ClCompile>
    <ClCompile Include="..\Classes\UICheckBoxTest\UICheckBoxTest.cpp">
      <Filter>Classes\UICheckBoxTest</Filter>
    </ClCompile>
    <ClCompile Include="..\Classes\UIImageViewTest\UIImageViewTest.cpp">
      <Filter>Classes\UIImageViewTest</Filter>
    </ClCompile>
    <ClCompile Include="..\Classes\UILabelAtlasTest\UILabelAtlasTest.cpp">
      <Filter>Classes\UILabelAtlasTest</Filter>
    </ClCompile>
    <ClCompile Include="..\Classes\UILabelBMFontTest\UILabelBMFontTest.cpp">
      <Filter>Classes\UILabelBMFontTest</Filter>
    </ClCompile>
    <ClCompile Include="..\Classes\UILabelTest\UILabelTest.cpp">
      <Filter>Classes\UILabelTest</Filter>
    </ClCompile>
    <ClCompile Include="..\Classes\UILayoutTest\UILayoutTest.cpp">
      <Filter>Classes\UILayoutTest</Filter>
    </ClCompile>
    <ClCompile Include="..\Classes\UIListViewTest\UIListViewTest.cpp">
      <Filter>Classes\UIListViewTest</Filter>
    </ClCompile>
    <ClCompile Include="..\Classes\UILoadingBarTest\UILoadingBarTest.cpp">
      <Filter>Classes\UILoadingBarTest</Filter>
    </ClCompile>
    <ClCompile Include="..\Classes\UIPageViewTest\UIPageViewTest.cpp">
      <Filter>Classes\UIPageViewTest</Filter>
    </ClCompile>
    <ClCompile Include="..\Classes\UIScrollViewTest\UIScrollViewTest.cpp">
      <Filter>Classes\UIScrollViewTest</Filter>
    </ClCompile>
    <ClCompile Include="..\Classes\UISliderTest\UISliderTest.cpp">
      <Filter>Classes\UISliderTest</Filter>
    </ClCompile>
    <ClCompile Include="..\Classes\UITextFieldTest\UITextFieldTest.cpp">
      <Filter>Classes\UITextFieldTest</Filter>
    </ClCompile>
    <ClCompile Include="..\Classes\UIWidgetAddNodeTest\UIWidgetAddNodeTest.cpp">
      <Filter>Classes\UIWidgetAddNodeTest</Filter>
    </ClCompile>
  </ItemGroup>
  <ItemGroup>
    <ClInclude Include="main.h">
      <Filter>win32</Filter>
    </ClInclude>
    <ClInclude Include="..\Classes\AppDelegate.h">
      <Filter>Classes</Filter>
    </ClInclude>
    <ClInclude Include="..\Classes\HelloWorldScene.h">
      <Filter>Classes</Filter>
    </ClInclude>
    <ClInclude Include="..\Classes\CocosGUIScene.h">
      <Filter>Classes</Filter>
    </ClInclude>
    <ClInclude Include="..\Classes\UIScene.h">
      <Filter>Classes</Filter>
    </ClInclude>
    <ClInclude Include="..\Classes\UISceneManager.h">
      <Filter>Classes</Filter>
    </ClInclude>
    <ClInclude Include="..\Classes\VisibleRect.h">
      <Filter>Classes</Filter>
    </ClInclude>
    <ClInclude Include="..\Classes\UIButtonTest\UIButtonTest.h">
      <Filter>Classes\UIButtonTest</Filter>
    </ClInclude>
    <ClInclude Include="..\Classes\UICheckBoxTest\UICheckBoxTest.h">
      <Filter>Classes\UICheckBoxTest</Filter>
    </ClInclude>
    <ClInclude Include="..\Classes\UIImageViewTest\UIImageViewTest.h">
      <Filter>Classes\UIImageViewTest</Filter>
    </ClInclude>
    <ClInclude Include="..\Classes\UILabelAtlasTest\UILabelAtlasTest.h">
      <Filter>Classes\UILabelAtlasTest</Filter>
    </ClInclude>
    <ClInclude Include="..\Classes\UILabelBMFontTest\UILabelBMFontTest.h">
      <Filter>Classes\UILabelBMFontTest</Filter>
    </ClInclude>
    <ClInclude Include="..\Classes\UILabelTest\UILabelTest.h">
      <Filter>Classes\UILabelTest</Filter>
    </ClInclude>
    <ClInclude Include="..\Classes\UILayoutTest\UILayoutTest.h">
      <Filter>Classes\UILayoutTest</Filter>
    </ClInclude>
    <ClInclude Include="..\Classes\UIListViewTest\UIListViewTest.h">
      <Filter>Classes\UIListViewTest</Filter>
    </ClInclude>
    <ClInclude Include="..\Classes\UILoadingBarTest\UILoadingBarTest.h">
      <Filter>Classes\UILoadingBarTest</Filter>
    </ClInclude>
    <ClInclude Include="..\Classes\UIPageViewTest\UIPageViewTest.h">
      <Filter>Classes\UIPageViewTest</Filter>
    </ClInclude>
    <ClInclude Include="..\Classes\UIScrollViewTest\UIScrollViewTest.h">
      <Filter>Classes\UIScrollViewTest</Filter>
    </ClInclude>
    <ClInclude Include="..\Classes\UISliderTest\UISliderTest.h">
      <Filter>Classes\UISliderTest</Filter>
    </ClInclude>
    <ClInclude Include="..\Classes\UITextFieldTest\UITextFieldTest.h">
      <Filter>Classes\UITextFieldTest</Filter>
    </ClInclude>
    <ClInclude Include="..\Classes\UIWidgetAddNodeTest\UIWidgetAddNodeTest.h">
      <Filter>Classes\UIWidgetAddNodeTest</Filter>
    </ClInclude>
  </ItemGroup>
  <ItemGroup>
    <ResourceCompile Include="game.rc">
      <Filter>resource</Filter>
    </ResourceCompile>
  </ItemGroup>
</Project>